// !$*UTF8*$!
{
	archiveVersion = 1;
	classes = {
	};
	objectVersion = 46;
	objects = {

/* Begin PBXBuildFile section */
		086B162C1F1C990F009416DD /* AppDelegate.swift in Sources */ = {isa = PBXBuildFile; fileRef = 086B162B1F1C990F009416DD /* AppDelegate.swift */; };
		086B162E1F1C990F009416DD /* ViewController.swift in Sources */ = {isa = PBXBuildFile; fileRef = 086B162D1F1C990F009416DD /* ViewController.swift */; };
		086B16311F1C990F009416DD /* Main.storyboard in Resources */ = {isa = PBXBuildFile; fileRef = 086B162F1F1C990F009416DD /* Main.storyboard */; };
		086B16331F1C990F009416DD /* Assets.xcassets in Resources */ = {isa = PBXBuildFile; fileRef = 086B16321F1C990F009416DD /* Assets.xcassets */; };
		086B16361F1C990F009416DD /* LaunchScreen.storyboard in Resources */ = {isa = PBXBuildFile; fileRef = 086B16341F1C990F009416DD /* LaunchScreen.storyboard */; };
/* End PBXBuildFile section */

/* Begin PBXFileReference section */
		086B16281F1C990F009416DD /* SwiftEnumDemo.app */ = {isa = PBXFileReference; explicitFileType = wrapper.application; includeInIndex = 0; path = SwiftEnumDemo.app; sourceTree = BUILT_PRODUCTS_DIR; };
		086B162B1F1C990F009416DD /* AppDelegate.swift */ = {isa = PBXFileReference; lastKnownFileType = sourcecode.swift; path = AppDelegate.swift; sourceTree = "<group>"; };
		086B162D1F1C990F009416DD /* ViewController.swift */ = {isa = PBXFileReference; lastKnownFileType = sourcecode.swift; path = ViewController.swift; sourceTree = "<group>"; };
		086B16301F1C990F009416DD /* Base */ = {isa = PBXFileReference; lastKnownFileType = file.storyboard; name = Base; path = Base.lproj/Main.storyboard; sourceTree = "<group>"; };
		086B16321F1C990F009416DD /* Assets.xcassets */ = {isa = PBXFileReference; lastKnownFileType = folder.assetcatalog; path = Assets.xcassets; sourceTree = "<group>"; };
		086B16351F1C990F009416DD /* Base */ = {isa = PBXFileReference; lastKnownFileType = file.storyboard; name = Base; path = Base.lproj/LaunchScreen.storyboard; sourceTree = "<group>"; };
		086B16371F1C990F009416DD /* Info.plist */ = {isa = PBXFileReference; lastKnownFileType = text.plist.xml; path = Info.plist; sourceTree = "<group>"; };
/* End PBXFileReference section */

/* Begin PBXFrameworksBuildPhase section */
		086B16251F1C990F009416DD /* Frameworks */ = {
			isa = PBXFrameworksBuildPhase;
			buildActionMask = 2147483647;
			files = (
			);
			runOnlyForDeploymentPostprocessing = 0;
		};
/* End PBXFrameworksBuildPhase section */

/* Begin PBXGroup section */
		086B161F1F1C990F009416DD = {
			isa = PBXGroup;
			children = (
				086B162A1F1C990F009416DD /* SwiftEnumDemo */,
				086B16291F1C990F009416DD /* Products */,
			);
			sourceTree = "<group>";
		};
		086B16291F1C990F009416DD /* Products */ = {
			isa = PBXGroup;
			children = (
				086B16281F1C990F009416DD /* SwiftEnumDemo.app */,
			);
			name = Products;
			sourceTree = "<group>";
		};
		086B162A1F1C990F009416DD /* SwiftEnumDemo */ = {
			isa = PBXGroup;
			children = (
				086B162B1F1C990F009416DD /* AppDelegate.swift */,
				086B162D1F1C990F009416DD /* ViewController.swift */,
				086B162F1F1C990F009416DD /* Main.storyboard */,
				086B16321F1C990F009416DD /* Assets.xcassets */,
				086B16341F1C990F009416DD /* LaunchScreen.storyboard */,
				086B16371F1C990F009416DD /* Info.plist */,
			);
			path = SwiftEnumDemo;
			sourceTree = "<group>";
		};
/* End PBXGroup section */

/* Begin PBXNativeTarget section */
		086B16271F1C990F009416DD /* SwiftEnumDemo */ = {
			isa = PBXNativeTarget;
			buildConfigurationList = 086B163A1F1C990F009416DD /* Build configuration list for PBXNativeTarget "SwiftEnumDemo" */;
			buildPhases = (
				086B16241F1C990F009416DD /* Sources */,
				086B16251F1C990F009416DD /* Frameworks */,
				086B16261F1C990F009416DD /* Resources */,
			);
			buildRules = (
			);
			dependencies = (
			);
			name = SwiftEnumDemo;
			productName = SwiftEnumDemo;
			productReference = 086B16281F1C990F009416DD /* SwiftEnumDemo.app */;
			productType = "com.apple.product-type.application";
		};
/* End PBXNativeTarget section */

/* Begin PBXProject section */
		086B16201F1C990F009416DD /* Project object */ = {
			isa = PBXProject;
			attributes = {
				LastSwiftUpdateCheck = 0830;
				LastUpgradeCheck = 0830;
				ORGANIZATIONNAME = "赤子城";
				TargetAttributes = {
					086B16271F1C990F009416DD = {
						CreatedOnToolsVersion = 8.3.3;
						ProvisioningStyle = Automatic;
					};
				};
			};
			buildConfigurationList = 086B16231F1C990F009416DD /* Build configuration list for PBXProject "SwiftEnumDemo" */;
			compatibilityVersion = "Xcode 3.2";
			developmentRegion = English;
			hasScannedForEncodings = 0;
			knownRegions = (
				en,
				Base,
			);
			mainGroup = 086B161F1F1C990F009416DD;
			productRefGroup = 086B16291F1C990F009416DD /* Products */;
			projectDirPath = "";
			projectRoot = "";
			targets = (
				086B16271F1C990F009416DD /* SwiftEnumDemo */,
			);
		};
/* End PBXProject section */

/* Begin PBXResourcesBuildPhase section */
		086B16261F1C990F009416DD /* Resources */ = {
			isa = PBXResourcesBuildPhase;
			buildActionMask = 2147483647;
			files = (
				086B16361F1C990F009416DD /* LaunchScreen.storyboard in Resources */,
				086B16331F1C990F009416DD /* Assets.xcassets in Resources */,
				086B16311F1C990F009416DD /* Main.storyboard in Resources */,
			);
			runOnlyForDeploymentPostprocessing = 0;
		};
/* End PBXResourcesBuildPhase section */

/* Begin PBXSourcesBuildPhase section */
		086B16241F1C990F009416DD /* Sources */ = {
			isa = PBXSourcesBuildPhase;
			buildActionMask = 2147483647;
			files = (
				086B162E1F1C990F009416DD /* ViewController.swift in Sources */,
				086B162C1F1C990F009416DD /* AppDelegate.swift in Sources */,
			);
			runOnlyForDeploymentPostprocessing = 0;
		};
/* End PBXSourcesBuildPhase section */

/* Begin PBXVariantGroup section */
		086B162F1F1C990F009416DD /* Main.storyboard */ = {
			isa = PBXVariantGroup;
			children = (
				086B16301F1C990F009416DD /* Base */,
			);
			name = Main.storyboard;
			sourceTree = "<group>";
		};
		086B16341F1C990F009416DD /* LaunchScreen.storyboard */ = {
			isa = PBXVariantGroup;
			children = (
				086B16351F1C990F009416DD /* Base */,
			);
			name = LaunchScreen.storyboard;
			sourceTree = "<group>";
		};
/* End PBXVariantGroup section */

/* Begin XCBuildConfiguration section */
		086B16381F1C990F009416DD /* Debug */ = {
			isa = XCBuildConfiguration;
			buildSettings = {
				ALWAYS_SEARCH_USER_PATHS = NO;
				CLANG_ANALYZER_NONNULL = YES;
				CLANG_ANALYZER_NUMBER_OBJECT_CONVERSION = YES_AGGRESSIVE;
				CLANG_CXX_LANGUAGE_STANDARD = "gnu++0x";
				CLANG_CXX_LIBRARY = "libc++";
				CLANG_ENABLE_MODULES = YES;
				CLANG_ENABLE_OBJC_ARC = YES;
				CLANG_WARN_BOOL_CONVERSION = YES;
				CLANG_WARN_CONSTANT_CONVERSION = YES;
				CLANG_WARN_DIRECT_OBJC_ISA_USAGE = YES_ERROR;
				CLANG_WARN_DOCUMENTATION_COMMENTS = YES;
				CLANG_WARN_EMPTY_BODY = YES;
				CLANG_WARN_ENUM_CONVERSION = YES;
				CLANG_WARN_INFINITE_RECURSION = YES;
				CLANG_WARN_INT_CONVERSION = YES;
				CLANG_WARN_OBJC_ROOT_CLASS = YES_ERROR;
				CLANG_WARN_SUSPICIOUS_MOVE = YES;
				CLANG_WARN_UNREACHABLE_CODE = YES;
				CLANG_WARN__DUPLICATE_METHOD_MATCH = YES;
				"CODE_SIGN_IDENTITY[sdk=iphoneos*]" = "iPhone Developer";
				COPY_PHASE_STRIP = NO;
				DEBUG_INFORMATION_FORMAT = dwarf;
				ENABLE_STRICT_OBJC_MSGSEND = YES;
				ENABLE_TESTABILITY = YES;
				GCC_C_LANGUAGE_STANDARD = gnu99;
				GCC_DYNAMIC_NO_PIC = NO;
				GCC_NO_COMMON_BLOCKS = YES;
				GCC_OPTIMIZATION_LEVEL = 0;
				GCC_PREPROCESSOR_DEFINITIONS = (
					"DEBUG=1",
					"$(inherited)",
				);
				GCC_WARN_64_TO_32_BIT_CONVERSION = YES;
				GCC_WARN_ABOUT_RETURN_TYPE = YES_ERROR;
				GCC_WARN_UNDECLARED_SELECTOR = YES;
				GCC_WARN_UNINITIALIZED_AUTOS = YES_AGGRESSIVE;
				GCC_WARN_UNUSED_FUNCTION = YES;
				GCC_WARN_UNUSED_VARIABLE = YES;
				IPHONEOS_DEPLOYMENT_TARGET = 10.3;
				MTL_ENABLE_DEBUG_INFO = YES;
				ONLY_ACTIVE_ARCH = YES;
				SDKROOT = iphoneos;
				SWIFT_ACTIVE_COMPILATION_CONDITIONS = DEBUG;
				SWIFT_OPTIMIZATION_LEVEL = "-Onone";
			};
			name = Debug;
		};
		086B16391F1C990F009416DD /* Release */ = {
			isa = XCBuildConfiguration;
			buildSettings = {
				ALWAYS_SEARCH_USER_PATHS = NO;
				CLANG_ANALYZER_NONNULL = YES;
				CLANG_ANALYZER_NUMBER_OBJECT_CONVERSION = YES_AGGRESSIVE;
				CLANG_CXX_LANGUAGE_STANDARD = "gnu++0x";
				CLANG_CXX_LIBRARY = "libc++";
				CLANG_ENABLE_MODULES = YES;
				CLANG_ENABLE_OBJC_ARC = YES;
				CLANG_WARN_BOOL_CONVERSION = YES;
				CLANG_WARN_CONSTANT_CONVERSION = YES;
				CLANG_WARN_DIRECT_OBJC_ISA_USAGE = YES_ERROR;
				CLANG_WARN_DOCUMENTATION_COMMENTS = YES;
				CLANG_WARN_EMPTY_BODY = YES;
				CLANG_WARN_ENUM_CONVERSION = YES;
				CLANG_WARN_INFINITE_RECURSION = YES;
				CLANG_WARN_INT_CONVERSION = YES;
				CLANG_WARN_OBJC_ROOT_CLASS = YES_ERROR;
				CLANG_WARN_SUSPICIOUS_MOVE = YES;
				CLANG_WARN_UNREACHABLE_CODE = YES;
				CLANG_WARN__DUPLICATE_METHOD_MATCH = YES;
				"CODE_SIGN_IDENTITY[sdk=iphoneos*]" = "iPhone Developer";
				COPY_PHASE_STRIP = NO;
				DEBUG_INFORMATION_FORMAT = "dwarf-with-dsym";
				ENABLE_NS_ASSERTIONS = NO;
				ENABLE_STRICT_OBJC_MSGSEND = YES;
				GCC_C_LANGUAGE_STANDARD = gnu99;
				GCC_NO_COMMON_BLOCKS = YES;
				GCC_WARN_64_TO_32_BIT_CONVERSION = YES;
				GCC_WARN_ABOUT_RETURN_TYPE = YES_ERROR;
				GCC_WARN_UNDECLARED_SELECTOR = YES;
				GCC_WARN_UNINITIALIZED_AUTOS = YES_AGGRESSIVE;
				GCC_WARN_UNUSED_FUNCTION = YES;
				GCC_WARN_UNUSED_VARIABLE = YES;
				IPHONEOS_DEPLOYMENT_TARGET = 10.3;
				MTL_ENABLE_DEBUG_INFO = NO;
				SDKROOT = iphoneos;
				SWIFT_OPTIMIZATION_LEVEL = "-Owholemodule";
				VALIDATE_PRODUCT = YES;
			};
			name = Release;
		};
		086B163B1F1C990F009416DD /* Debug */ = {
			isa = XCBuildConfiguration;
			buildSettings = {
				ASSETCATALOG_COMPILER_APPICON_NAME = AppIcon;
				INFOPLIST_FILE = SwiftEnumDemo/Info.plist;
				LD_RUNPATH_SEARCH_PATHS = "$(inherited) @executable_path/Frameworks";
				PRODUCT_BUNDLE_IDENTIFIER = com.newborntown.iOS.solo.SwiftEnumDemo;
				PRODUCT_NAME = "$(TARGET_NAME)";
				SWIFT_VERSION = 3.0;
			};
			name = Debug;
		};
		086B163C1F1C990F009416DD /* Release */ = {
			isa = XCBuildConfiguration;
			buildSettings = {
				ASSETCATALOG_COMPILER_APPICON_NAME = AppIcon;
				INFOPLIST_FILE = SwiftEnumDemo/Info.plist;
				LD_RUNPATH_SEARCH_PATHS = "$(inherited) @executable_path/Frameworks";
				PRODUCT_BUNDLE_IDENTIFIER = com.newborntown.iOS.solo.SwiftEnumDemo;
				PRODUCT_NAME = "$(TARGET_NAME)";
				SWIFT_VERSION = 3.0;
			};
			name = Release;
		};
/* End XCBuildConfiguration section */

/* Begin XCConfigurationList section */
		086B16231F1C990F009416DD /* Build configuration list for PBXProject "SwiftEnumDemo" */ = {
			isa = XCConfigurationList;
			buildConfigurations = (
				086B16381F1C990F009416DD /* Debug */,
				086B16391F1C990F009416DD /* Release */,
			);
			defaultConfigurationIsVisible = 0;
			defaultConfigurationName = Release;
		};
		086B163A1F1C990F009416DD /* Build configuration list for PBXNativeTarget "SwiftEnumDemo" */ = {
			isa = XCConfigurationList;
			buildConfigurations = (
				086B163B1F1C990F009416DD /* Debug */,
				086B163C1F1C990F009416DD /* Release */,
			);
			defaultConfigurationIsVisible = 0;
		};
/* End XCConfigurationList section */
	};
	rootObject = 086B16201F1C990F009416DD /* Project object */;
}
